
Microsoft Visual Studio Solution File, Format Version 12.00
# Visual Studio 15
VisualStudioVersion = 15.0.27428.2015
MinimumVisualStudioVersion = 10.0.40219.1
Project("{FAE04EC0-301F-11D3-BF4B-00C04F79EFBC}") = "AzureMachineLearning", "AzureMachineLearning\AzureMachineLearning.csproj", "{62EECCA8-8A00-47DB-BB67-FF981CAB48DB}"
EndProject
Global
	GlobalSection(SolutionConfigurationPlatforms) = preSolution
		Debug|Any CPU = Debug|Any CPU
		Release|Any CPU = Release|Any CPU
	EndGlobalSection
	GlobalSection(ProjectConfigurationPlatforms) = postSolution
		{62EECCA8-8A00-47DB-BB67-FF981CAB48DB}.Debug|Any CPU.ActiveCfg = Debug|Any CPU
		{62EECCA8-8A00-47DB-BB67-FF981CAB48DB}.Debug|Any CPU.Build.0 = Debug|Any CPU
		{62EECCA8-8A00-47DB-BB67-FF981CAB48DB}.Release|Any CPU.ActiveCfg = Release|Any CPU
		{62EECCA8-8A00-47DB-BB67-FF981CAB48DB}.Release|Any CPU.Build.0 = Release|Any CPU
	EndGlobalSection
	GlobalSection(SolutionProperties) = preSolution
		HideSolutionNode = FALSE
	EndGlobalSection
	GlobalSection(ExtensibilityGlobals) = postSolution
		SolutionGuid = {6CBCAAA5-E854-49B6-B106-2534E4521C6D}
	EndGlobalSection
EndGlobal
